
Microsoft Visual Studio Solution File, Format Version 12.00
# Visual Studio Version 17
VisualStudioVersion = 17.8.34330.188
MinimumVisualStudioVersion = 10.0.40219.1
Project("{FAE04EC0-301F-11D3-BF4B-00C04F79EFBC}") = "SDDBrowser", "WindowsFormsApp1\SDDBrowser.csproj", "{DAD21EE9-BE5D-4EB0-AB27-586FBE5C908E}"
EndProject
Global
	GlobalSection(SolutionConfigurationPlatforms) = preSolution
		Debug|Any CPU = Debug|Any CPU
		Release|Any CPU = Release|Any CPU
	EndGlobalSection
	GlobalSection(ProjectConfigurationPlatforms) = postSolution
		{DAD21EE9-BE5D-4EB0-AB27-586FBE5C908E}.Debug|Any CPU.ActiveCfg = Debug|Any CPU
		{DAD21EE9-BE5D-4EB0-AB27-586FBE5C908E}.Debug|Any CPU.Build.0 = Debug|Any CPU
		{DAD21EE9-BE5D-4EB0-AB27-586FBE5C908E}.Release|Any CPU.ActiveCfg = Release|Any CPU
		{DAD21EE9-BE5D-4EB0-AB27-586FBE5C908E}.Release|Any CPU.Build.0 = Release|Any CPU
	EndGlobalSection
	GlobalSection(SolutionProperties) = preSolution
		HideSolutionNode = FALSE
	EndGlobalSection
	GlobalSection(ExtensibilityGlobals) = postSolution
		SolutionGuid = {DFAA828D-C266-422D-86F6-3483D45F531C}
	EndGlobalSection
EndGlobal
